
Microsoft Visual Studio Solution File, Format Version 12.00
# Visual Studio 15
VisualStudioVersion = 15.0.28307.1145
MinimumVisualStudioVersion = 10.0.40219.1
Project("{FAE04EC0-301F-11D3-BF4B-00C04F79EFBC}") = "ExcelApplication", "WebApplication2\ExcelApplication.csproj", "{875F2CCB-FD36-4894-A014-C4D4C22C07BA}"
EndProject
Global
	GlobalSection(SolutionConfigurationPlatforms) = preSolution
		Debug|Any CPU = Debug|Any CPU
		Release|Any CPU = Release|Any CPU
	EndGlobalSection
	GlobalSection(ProjectConfigurationPlatforms) = postSolution
		{875F2CCB-FD36-4894-A014-C4D4C22C07BA}.Debug|Any CPU.ActiveCfg = Debug|Any CPU
		{875F2CCB-FD36-4894-A014-C4D4C22C07BA}.Debug|Any CPU.Build.0 = Debug|Any CPU
		{875F2CCB-FD36-4894-A014-C4D4C22C07BA}.Release|Any CPU.ActiveCfg = Release|Any CPU
		{875F2CCB-FD36-4894-A014-C4D4C22C07BA}.Release|Any CPU.Build.0 = Release|Any CPU
	EndGlobalSection
	GlobalSection(SolutionProperties) = preSolution
		HideSolutionNode = FALSE
	EndGlobalSection
	GlobalSection(ExtensibilityGlobals) = postSolution
		SolutionGuid = {45D88F82-6FC0-4739-AECB-2F2D31F06F30}
	EndGlobalSection
EndGlobal
